
Microsoft Visual Studio Solution File, Format Version 12.00
# Visual Studio 15
VisualStudioVersion = 15.0.27004.2009
MinimumVisualStudioVersion = 10.0.40219.1
Project("{FAE04EC0-301F-11D3-BF4B-00C04F79EFBC}") = "CompareProj", "CompareProj\CompareProj.csproj", "{1E4D6E8C-69F8-45B8-98D2-2682DFFB21CE}"
EndProject
Global
	GlobalSection(SolutionConfigurationPlatforms) = preSolution
		Debug|Any CPU = Debug|Any CPU
		Release|Any CPU = Release|Any CPU
	EndGlobalSection
	GlobalSection(ProjectConfigurationPlatforms) = postSolution
		{1E4D6E8C-69F8-45B8-98D2-2682DFFB21CE}.Debug|Any CPU.ActiveCfg = Debug|Any CPU
		{1E4D6E8C-69F8-45B8-98D2-2682DFFB21CE}.Debug|Any CPU.Build.0 = Debug|Any CPU
		{1E4D6E8C-69F8-45B8-98D2-2682DFFB21CE}.Release|Any CPU.ActiveCfg = Release|Any CPU
		{1E4D6E8C-69F8-45B8-98D2-2682DFFB21CE}.Release|Any CPU.Build.0 = Release|Any CPU
	EndGlobalSection
	GlobalSection(SolutionProperties) = preSolution
		HideSolutionNode = FALSE
	EndGlobalSection
	GlobalSection(ExtensibilityGlobals) = postSolution
		SolutionGuid = {A4AE8E61-A378-46C9-8E89-AC76E7AB78B7}
	EndGlobalSection
EndGlobal
